{
  "name": "jitsi-api",
  "version": "1.0.0",
  "lockfileVersion": 3,
  "requires": true,
  "packages": {
    "": {
      "name": "jitsi-api",
      "version": "1.0.0",
      "license": "ISC",
      "dependencies": {
        "lib-jitsi-meet": "^1.0.6"
      }
    },
    "node_modules/lib-jitsi-meet": {
      "version": "1.0.6",
      "resolved": "https://registry.npmjs.org/lib-jitsi-meet/-/lib-jitsi-meet-1.0.6.tgz",
      "integrity": "sha512-Hnp8F7btmIFBGh5hgli1uTzb7c7IgWBgTMFu4GnSasE8sx23RcTerXBjH+XZcsGsxnoW3pFKlU77za1a0o3qhw==",
      "deprecated": "Deprecated. lib-jitsi-meet is not distributed via npm, use the source."
    }
  }
}
